# This file was autogenerated by Stack.
# You should not edit this file by hand.
# For more information, please see the documentation at:
#   https://docs.haskellstack.org/en/stable/lock_files

packages:
- completed:
    hackage: z3-408.1@sha256:809968ed9329172448a7c89ce327cfa1c9632272d2a2c06211025257100c5c93,4116
    pantry-tree:
      size: 1475
      sha256: abb36d87c8790196fada5754fdbcc88eaf8c956ac419aa8544718d15eb3a0ae5
  original:
    hackage: z3-408.1
- completed:
    cabal-file:
      size: 1362
      sha256: e4495dba8294513bd2e3dea89327863d301023c6e29092a0c3eefb11901d462e
    name: smt2-parser
    version: 0.1.0.0
    git: https://github.com/crvdgc/smt2-parser
    pantry-tree:
      size: 992
      sha256: 761a6c7c19fdcccf6d0b30741e3ad8e2e72aa11e5d1e41c99a654cb8e789d4b4
    commit: 9efdbe8f0cdf8816a494e56cf8c617ce1d09202c
  original:
    git: https://github.com/crvdgc/smt2-parser
    commit: 9efdbe8f0cdf8816a494e56cf8c617ce1d09202c
snapshots:
- completed:
    size: 524163
    url: https://raw.githubusercontent.com/commercialhaskell/stackage-snapshots/master/lts/14/25.yaml
    sha256: 97548b4e927a8a862d4a203687ca18a3f5d2ae75b4b72c946fb29c17df1a5082
  original: lts-14.25
