# This file was autogenerated by Stack.
# You should not edit this file by hand.
# For more information, please see the documentation at:
#   https://docs.haskellstack.org/en/stable/lock_files

packages:
- completed:
    hackage: z3-408.1@sha256:809968ed9329172448a7c89ce327cfa1c9632272d2a2c06211025257100c5c93,4116
    pantry-tree:
      size: 1475
      sha256: abb36d87c8790196fada5754fdbcc88eaf8c956ac419aa8544718d15eb3a0ae5
  original:
    hackage: z3-408.1
- completed:
    cabal-file:
      size: 1386
      sha256: ef8eec199fdc39dd81eb40bdcf83a85049280693a60457ef4aa538463168fe9d
    name: smt2-parser
    version: 0.1.0.0
    git: https://github.com/crvdgc/smt2-parser
    pantry-tree:
      size: 992
      sha256: fad535ce813dd8c9741d4ddf7cf8a2d05c3cd34b5a3d50f2664b798f524b7c44
    commit: f23052728bea126c719e915d61d154ad76a423cd
  original:
    git: https://github.com/crvdgc/smt2-parser
    commit: f23052728bea126c719e915d61d154ad76a423cd
snapshots:
- completed:
    size: 524163
    url: https://raw.githubusercontent.com/commercialhaskell/stackage-snapshots/master/lts/14/25.yaml
    sha256: 97548b4e927a8a862d4a203687ca18a3f5d2ae75b4b72c946fb29c17df1a5082
  original: lts-14.25
